
Microsoft Visual Studio Solution File, Format Version 12.00
# Visual Studio Version 17
VisualStudioVersion = 17.6.33829.357
MinimumVisualStudioVersion = 10.0.40219.1
Project("{FAE04EC0-301F-11D3-BF4B-00C04F79EFBC}") = "WebApi", "WebApi\WebApi.csproj", "{781015BC-F23F-4759-9BC0-81DD29107FA3}"
EndProject
Project("{FAE04EC0-301F-11D3-BF4B-00C04F79EFBC}") = "WeatherFrontend", "WeatherFrontend\WeatherFrontend.csproj", "{6B15BAC9-796A-48DC-A2BD-153891604698}"
EndProject
Project("{FAE04EC0-301F-11D3-BF4B-00C04F79EFBC}") = "WeatherUI", "WeatherUI\WeatherUI.csproj", "{1820B2DF-E23E-49B6-9E7C-1229B4FBE493}"
EndProject
Global
	GlobalSection(SolutionConfigurationPlatforms) = preSolution
		Debug|Any CPU = Debug|Any CPU
		Release|Any CPU = Release|Any CPU
	EndGlobalSection
	GlobalSection(ProjectConfigurationPlatforms) = postSolution
		{781015BC-F23F-4759-9BC0-81DD29107FA3}.Debug|Any CPU.ActiveCfg = Debug|Any CPU
		{781015BC-F23F-4759-9BC0-81DD29107FA3}.Debug|Any CPU.Build.0 = Debug|Any CPU
		{781015BC-F23F-4759-9BC0-81DD29107FA3}.Release|Any CPU.ActiveCfg = Release|Any CPU
		{781015BC-F23F-4759-9BC0-81DD29107FA3}.Release|Any CPU.Build.0 = Release|Any CPU
		{6B15BAC9-796A-48DC-A2BD-153891604698}.Debug|Any CPU.ActiveCfg = Debug|Any CPU
		{6B15BAC9-796A-48DC-A2BD-153891604698}.Debug|Any CPU.Build.0 = Debug|Any CPU
		{6B15BAC9-796A-48DC-A2BD-153891604698}.Release|Any CPU.ActiveCfg = Release|Any CPU
		{6B15BAC9-796A-48DC-A2BD-153891604698}.Release|Any CPU.Build.0 = Release|Any CPU
		{1820B2DF-E23E-49B6-9E7C-1229B4FBE493}.Debug|Any CPU.ActiveCfg = Debug|Any CPU
		{1820B2DF-E23E-49B6-9E7C-1229B4FBE493}.Debug|Any CPU.Build.0 = Debug|Any CPU
		{1820B2DF-E23E-49B6-9E7C-1229B4FBE493}.Release|Any CPU.ActiveCfg = Release|Any CPU
		{1820B2DF-E23E-49B6-9E7C-1229B4FBE493}.Release|Any CPU.Build.0 = Release|Any CPU
	EndGlobalSection
	GlobalSection(SolutionProperties) = preSolution
		HideSolutionNode = FALSE
	EndGlobalSection
	GlobalSection(ExtensibilityGlobals) = postSolution
		SolutionGuid = {0E9D9C89-BA02-4213-B0E0-ABEE924D93A7}
	EndGlobalSection
EndGlobal
